
Microsoft Visual Studio Solution File, Format Version 12.00
# Visual Studio 2012
Project("{FAE04EC0-301F-11D3-BF4B-00C04F79EFBC}") = "Products", "Products\Products.csproj", "{9BAB17E2-AEAB-40D8-9B04-B65746F5C3B4}"
EndProject
Project("{FAE04EC0-301F-11D3-BF4B-00C04F79EFBC}") = "UserInterface", "Pizzeria\UserInterface.csproj", "{DD039078-08CF-44A7-A4D0-7F61507ED76B}"
EndProject
Global
	GlobalSection(SolutionConfigurationPlatforms) = preSolution
		Debug|Any CPU = Debug|Any CPU
		Release|Any CPU = Release|Any CPU
	EndGlobalSection
	GlobalSection(ProjectConfigurationPlatforms) = postSolution
		{9BAB17E2-AEAB-40D8-9B04-B65746F5C3B4}.Debug|Any CPU.ActiveCfg = Debug|Any CPU
		{9BAB17E2-AEAB-40D8-9B04-B65746F5C3B4}.Debug|Any CPU.Build.0 = Debug|Any CPU
		{9BAB17E2-AEAB-40D8-9B04-B65746F5C3B4}.Release|Any CPU.ActiveCfg = Release|Any CPU
		{9BAB17E2-AEAB-40D8-9B04-B65746F5C3B4}.Release|Any CPU.Build.0 = Release|Any CPU
		{DD039078-08CF-44A7-A4D0-7F61507ED76B}.Debug|Any CPU.ActiveCfg = Debug|Any CPU
		{DD039078-08CF-44A7-A4D0-7F61507ED76B}.Debug|Any CPU.Build.0 = Debug|Any CPU
		{DD039078-08CF-44A7-A4D0-7F61507ED76B}.Release|Any CPU.ActiveCfg = Release|Any CPU
		{DD039078-08CF-44A7-A4D0-7F61507ED76B}.Release|Any CPU.Build.0 = Release|Any CPU
	EndGlobalSection
	GlobalSection(SolutionProperties) = preSolution
		HideSolutionNode = FALSE
	EndGlobalSection
EndGlobal
